{
  "name": "progetto-sir-teambello",
  "lockfileVersion": 2,
  "requires": true,
  "packages": {
    "": {
      "dependencies": {
        "ngx-dropzone": "^3.1.0"
      }
    },
    "node_modules/ngx-dropzone": {
      "version": "3.1.0",
      "resolved": "https://registry.npmjs.org/ngx-dropzone/-/ngx-dropzone-3.1.0.tgz",
      "integrity": "sha512-5RBaEl07QUcY6sv/BBPyIxN6nbWY/KqTGheEKgbuGS0N1QPFY7NJUo8+X3fYUwQgLS+wjJeqPiR37dd0YNDtWA==",
      "dependencies": {
        "tslib": "^2.0.0"
      }
    },
    "node_modules/tslib": {
      "version": "2.5.2",
      "resolved": "https://registry.npmjs.org/tslib/-/tslib-2.5.2.tgz",
      "integrity": "sha512-5svOrSA2w3iGFDs1HibEVBGbDrAY82bFQ3HZ3ixB+88nsbsWQoKqDRb5UBYAUPEzbBn6dAp5gRNXglySbx1MlA=="
    }
  },
  "dependencies": {
    "ngx-dropzone": {
      "version": "3.1.0",
      "resolved": "https://registry.npmjs.org/ngx-dropzone/-/ngx-dropzone-3.1.0.tgz",
      "integrity": "sha512-5RBaEl07QUcY6sv/BBPyIxN6nbWY/KqTGheEKgbuGS0N1QPFY7NJUo8+X3fYUwQgLS+wjJeqPiR37dd0YNDtWA==",
      "requires": {
        "tslib": "^2.0.0"
      }
    },
    "tslib": {
      "version": "2.5.2",
      "resolved": "https://registry.npmjs.org/tslib/-/tslib-2.5.2.tgz",
      "integrity": "sha512-5svOrSA2w3iGFDs1HibEVBGbDrAY82bFQ3HZ3ixB+88nsbsWQoKqDRb5UBYAUPEzbBn6dAp5gRNXglySbx1MlA=="
    }
  }
}
